
Microsoft Visual Studio Solution File, Format Version 12.00
# Visual Studio 15
VisualStudioVersion = 15.0.28307.136
MinimumVisualStudioVersion = 10.0.40219.1
Project("{8BC9CEB8-8B4A-11D0-8D11-00A0C91BC942}") = "fluid", "fluid.vcxproj", "{18112A5F-A85A-41F6-ADA2-FE2F72FE4558}"
EndProject
Global
	GlobalSection(SolutionConfigurationPlatforms) = preSolution
		Debug|x64 = Debug|x64
		Debug|x86 = Debug|x86
		Release|x64 = Release|x64
		Release|x86 = Release|x86
	EndGlobalSection
	GlobalSection(ProjectConfigurationPlatforms) = postSolution
		{18112A5F-A85A-41F6-ADA2-FE2F72FE4558}.Debug|x64.ActiveCfg = Debug|x64
		{18112A5F-A85A-41F6-ADA2-FE2F72FE4558}.Debug|x64.Build.0 = Debug|x64
		{18112A5F-A85A-41F6-ADA2-FE2F72FE4558}.Debug|x86.ActiveCfg = Debug|Win32
		{18112A5F-A85A-41F6-ADA2-FE2F72FE4558}.Debug|x86.Build.0 = Debug|Win32
		{18112A5F-A85A-41F6-ADA2-FE2F72FE4558}.Release|x64.ActiveCfg = Release|x64
		{18112A5F-A85A-41F6-ADA2-FE2F72FE4558}.Release|x64.Build.0 = Release|x64
		{18112A5F-A85A-41F6-ADA2-FE2F72FE4558}.Release|x86.ActiveCfg = Release|Win32
		{18112A5F-A85A-41F6-ADA2-FE2F72FE4558}.Release|x86.Build.0 = Release|Win32
	EndGlobalSection
	GlobalSection(SolutionProperties) = preSolution
		HideSolutionNode = FALSE
	EndGlobalSection
	GlobalSection(ExtensibilityGlobals) = postSolution
		SolutionGuid = {0837EC9C-3B7C-47B7-95A3-3E37FB3D023A}
	EndGlobalSection
EndGlobal
